
Microsoft Visual Studio Solution File, Format Version 12.00
# Visual Studio Version 17
VisualStudioVersion = 17.11.35222.181
MinimumVisualStudioVersion = 10.0.40219.1
Project("{FAE04EC0-301F-11D3-BF4B-00C04F79EFBC}") = "IkeaSunday", "IkeaSunday\IkeaSunday.csproj", "{F60601BC-7F28-43A4-8F9B-978BD1399AEE}"
EndProject
Global
	GlobalSection(SolutionConfigurationPlatforms) = preSolution
		Debug|Any CPU = Debug|Any CPU
		Release|Any CPU = Release|Any CPU
	EndGlobalSection
	GlobalSection(ProjectConfigurationPlatforms) = postSolution
		{F60601BC-7F28-43A4-8F9B-978BD1399AEE}.Debug|Any CPU.ActiveCfg = Debug|Any CPU
		{F60601BC-7F28-43A4-8F9B-978BD1399AEE}.Debug|Any CPU.Build.0 = Debug|Any CPU
		{F60601BC-7F28-43A4-8F9B-978BD1399AEE}.Release|Any CPU.ActiveCfg = Release|Any CPU
		{F60601BC-7F28-43A4-8F9B-978BD1399AEE}.Release|Any CPU.Build.0 = Release|Any CPU
	EndGlobalSection
	GlobalSection(SolutionProperties) = preSolution
		HideSolutionNode = FALSE
	EndGlobalSection
	GlobalSection(ExtensibilityGlobals) = postSolution
		SolutionGuid = {FBFD2ADD-9D0C-4A17-A284-373067B5AA32}
	EndGlobalSection
EndGlobal
